
Microsoft Visual Studio Solution File, Format Version 12.00
# Visual Studio Version 16
VisualStudioVersion = 16.0.29709.97
MinimumVisualStudioVersion = 10.0.40219.1
Project("{FAE04EC0-301F-11D3-BF4B-00C04F79EFBC}") = "WPFDesktopSimple", "WPFDesktopSimple\WPFDesktopSimple.csproj", "{DA1DCF33-78D6-4CE9-A3C1-7D580746591B}"
EndProject
Project("{FAE04EC0-301F-11D3-BF4B-00C04F79EFBC}") = "WPFDesktopSimpleTests", "WPFDesktopSimpleTests\WPFDesktopSimpleTests.csproj", "{2F12FD58-C819-4336-933C-D9178D2A8756}"
EndProject
Global
	GlobalSection(SolutionConfigurationPlatforms) = preSolution
		Debug|Any CPU = Debug|Any CPU
		Release|Any CPU = Release|Any CPU
	EndGlobalSection
	GlobalSection(ProjectConfigurationPlatforms) = postSolution
		{DA1DCF33-78D6-4CE9-A3C1-7D580746591B}.Debug|Any CPU.ActiveCfg = Debug|Any CPU
		{DA1DCF33-78D6-4CE9-A3C1-7D580746591B}.Debug|Any CPU.Build.0 = Debug|Any CPU
		{DA1DCF33-78D6-4CE9-A3C1-7D580746591B}.Release|Any CPU.ActiveCfg = Release|Any CPU
		{DA1DCF33-78D6-4CE9-A3C1-7D580746591B}.Release|Any CPU.Build.0 = Release|Any CPU
		{2F12FD58-C819-4336-933C-D9178D2A8756}.Debug|Any CPU.ActiveCfg = Debug|Any CPU
		{2F12FD58-C819-4336-933C-D9178D2A8756}.Debug|Any CPU.Build.0 = Debug|Any CPU
		{2F12FD58-C819-4336-933C-D9178D2A8756}.Release|Any CPU.ActiveCfg = Release|Any CPU
		{2F12FD58-C819-4336-933C-D9178D2A8756}.Release|Any CPU.Build.0 = Release|Any CPU
	EndGlobalSection
	GlobalSection(SolutionProperties) = preSolution
		HideSolutionNode = FALSE
	EndGlobalSection
	GlobalSection(ExtensibilityGlobals) = postSolution
		SolutionGuid = {CD9E16D0-4FAF-488C-B9ED-25272598E11E}
	EndGlobalSection
EndGlobal
